
Microsoft Visual Studio Solution File, Format Version 12.00
# Visual Studio 15
VisualStudioVersion = 15.0.28010.2046
MinimumVisualStudioVersion = 10.0.40219.1
Project("{8BC9CEB8-8B4A-11D0-8D11-00A0C91BC942}") = "Folie", "Folie\Folie.vcxproj", "{5DC1E85A-E8A1-4CBF-ABD5-B28F7FD1596F}"
EndProject
Project("{FAE04EC0-301F-11D3-BF4B-00C04F79EFBC}") = "Assembly-CSharp", "Volleyball\Assembly-CSharp.csproj", "{67000920-993D-B69C-7FB7-CA879554E759}"
EndProject
Global
	GlobalSection(SolutionConfigurationPlatforms) = preSolution
		Debug|Any CPU = Debug|Any CPU
		Debug|x64 = Debug|x64
		Debug|x86 = Debug|x86
		Release|Any CPU = Release|Any CPU
		Release|x64 = Release|x64
		Release|x86 = Release|x86
	EndGlobalSection
	GlobalSection(ProjectConfigurationPlatforms) = postSolution
		{5DC1E85A-E8A1-4CBF-ABD5-B28F7FD1596F}.Debug|Any CPU.ActiveCfg = Debug|Win32
		{5DC1E85A-E8A1-4CBF-ABD5-B28F7FD1596F}.Debug|x64.ActiveCfg = Debug|x64
		{5DC1E85A-E8A1-4CBF-ABD5-B28F7FD1596F}.Debug|x64.Build.0 = Debug|x64
		{5DC1E85A-E8A1-4CBF-ABD5-B28F7FD1596F}.Debug|x86.ActiveCfg = Debug|Win32
		{5DC1E85A-E8A1-4CBF-ABD5-B28F7FD1596F}.Debug|x86.Build.0 = Debug|Win32
		{5DC1E85A-E8A1-4CBF-ABD5-B28F7FD1596F}.Release|Any CPU.ActiveCfg = Release|Win32
		{5DC1E85A-E8A1-4CBF-ABD5-B28F7FD1596F}.Release|x64.ActiveCfg = Release|x64
		{5DC1E85A-E8A1-4CBF-ABD5-B28F7FD1596F}.Release|x64.Build.0 = Release|x64
		{5DC1E85A-E8A1-4CBF-ABD5-B28F7FD1596F}.Release|x86.ActiveCfg = Release|Win32
		{5DC1E85A-E8A1-4CBF-ABD5-B28F7FD1596F}.Release|x86.Build.0 = Release|Win32
		{67000920-993D-B69C-7FB7-CA879554E759}.Debug|Any CPU.ActiveCfg = Debug|Any CPU
		{67000920-993D-B69C-7FB7-CA879554E759}.Debug|Any CPU.Build.0 = Debug|Any CPU
		{67000920-993D-B69C-7FB7-CA879554E759}.Debug|x64.ActiveCfg = Debug|Any CPU
		{67000920-993D-B69C-7FB7-CA879554E759}.Debug|x64.Build.0 = Debug|Any CPU
		{67000920-993D-B69C-7FB7-CA879554E759}.Debug|x86.ActiveCfg = Debug|Any CPU
		{67000920-993D-B69C-7FB7-CA879554E759}.Debug|x86.Build.0 = Debug|Any CPU
		{67000920-993D-B69C-7FB7-CA879554E759}.Release|Any CPU.ActiveCfg = Release|Any CPU
		{67000920-993D-B69C-7FB7-CA879554E759}.Release|Any CPU.Build.0 = Release|Any CPU
		{67000920-993D-B69C-7FB7-CA879554E759}.Release|x64.ActiveCfg = Release|Any CPU
		{67000920-993D-B69C-7FB7-CA879554E759}.Release|x64.Build.0 = Release|Any CPU
		{67000920-993D-B69C-7FB7-CA879554E759}.Release|x86.ActiveCfg = Release|Any CPU
		{67000920-993D-B69C-7FB7-CA879554E759}.Release|x86.Build.0 = Release|Any CPU
	EndGlobalSection
	GlobalSection(SolutionProperties) = preSolution
		HideSolutionNode = FALSE
	EndGlobalSection
	GlobalSection(ExtensibilityGlobals) = postSolution
		SolutionGuid = {ED467B3B-5A40-45CD-B37C-E16C706331F1}
	EndGlobalSection
EndGlobal
